
Microsoft Visual Studio Solution File, Format Version 12.00
# Visual Studio Version 16
VisualStudioVersion = 16.0.810.9
MinimumVisualStudioVersion = 10.0.40219.1
Project("{FAE04EC0-301F-11D3-BF4B-00C04F79EFBC}") = "AddressSearchSolution", "AddressSearchSolution\AddressSearchSolution.csproj", "{522CA477-C0DC-4A66-A7DE-65CAD7F132C3}"
EndProject
Global
	GlobalSection(SolutionConfigurationPlatforms) = preSolution
		Debug|Any CPU = Debug|Any CPU
		Release|Any CPU = Release|Any CPU
	EndGlobalSection
	GlobalSection(ProjectConfigurationPlatforms) = postSolution
		{522CA477-C0DC-4A66-A7DE-65CAD7F132C3}.Debug|Any CPU.ActiveCfg = Debug|Any CPU
		{522CA477-C0DC-4A66-A7DE-65CAD7F132C3}.Debug|Any CPU.Build.0 = Debug|Any CPU
		{522CA477-C0DC-4A66-A7DE-65CAD7F132C3}.Release|Any CPU.ActiveCfg = Release|Any CPU
		{522CA477-C0DC-4A66-A7DE-65CAD7F132C3}.Release|Any CPU.Build.0 = Release|Any CPU
	EndGlobalSection
	GlobalSection(SolutionProperties) = preSolution
		HideSolutionNode = FALSE
	EndGlobalSection
	GlobalSection(ExtensibilityGlobals) = postSolution
		SolutionGuid = {F01FDAB9-18FE-484B-BF12-87C4D8852AD8}
	EndGlobalSection
EndGlobal
